
Microsoft Visual Studio Solution File, Format Version 12.00
# Visual Studio 15
VisualStudioVersion = 15.0.26228.4
MinimumVisualStudioVersion = 10.0.40219.1
Project("{2150E333-8FDC-42A3-9474-1A3956D46DE8}") = "00-Infrastructure", "00-Infrastructure", "{17BB7ED6-8570-4BDF-96C6-B1557476E834}"
EndProject
Project("{FAE04EC0-301F-11D3-BF4B-00C04F79EFBC}") = "EasyCQRS", "Core\EasyCQRS\EasyCQRS.csproj", "{0382D8C3-435B-4D37-BA70-B4D95D4F7F9C}"
EndProject
Project("{FAE04EC0-301F-11D3-BF4B-00C04F79EFBC}") = "EasyCQRS.Azure", "Modules\EasyCQRS.Azure\EasyCQRS.Azure.csproj", "{8849DA37-93FA-4209-B1AF-525A534C6106}"
EndProject
Project("{FAE04EC0-301F-11D3-BF4B-00C04F79EFBC}") = "EasyCQRS.AutoFac", "Modules\EasyCQRS.AutoFac\EasyCQRS.AutoFac.csproj", "{4159D39E-F229-45A2-B84E-22863BA6B9E3}"
EndProject
Global
	GlobalSection(SolutionConfigurationPlatforms) = preSolution
		Debug|Any CPU = Debug|Any CPU
		Release|Any CPU = Release|Any CPU
	EndGlobalSection
	GlobalSection(ProjectConfigurationPlatforms) = postSolution
		{0382D8C3-435B-4D37-BA70-B4D95D4F7F9C}.Debug|Any CPU.ActiveCfg = Debug|Any CPU
		{0382D8C3-435B-4D37-BA70-B4D95D4F7F9C}.Debug|Any CPU.Build.0 = Debug|Any CPU
		{0382D8C3-435B-4D37-BA70-B4D95D4F7F9C}.Release|Any CPU.ActiveCfg = Release|Any CPU
		{0382D8C3-435B-4D37-BA70-B4D95D4F7F9C}.Release|Any CPU.Build.0 = Release|Any CPU
		{8849DA37-93FA-4209-B1AF-525A534C6106}.Debug|Any CPU.ActiveCfg = Debug|Any CPU
		{8849DA37-93FA-4209-B1AF-525A534C6106}.Debug|Any CPU.Build.0 = Debug|Any CPU
		{8849DA37-93FA-4209-B1AF-525A534C6106}.Release|Any CPU.ActiveCfg = Release|Any CPU
		{8849DA37-93FA-4209-B1AF-525A534C6106}.Release|Any CPU.Build.0 = Release|Any CPU
		{4159D39E-F229-45A2-B84E-22863BA6B9E3}.Debug|Any CPU.ActiveCfg = Debug|Any CPU
		{4159D39E-F229-45A2-B84E-22863BA6B9E3}.Debug|Any CPU.Build.0 = Debug|Any CPU
		{4159D39E-F229-45A2-B84E-22863BA6B9E3}.Release|Any CPU.ActiveCfg = Release|Any CPU
		{4159D39E-F229-45A2-B84E-22863BA6B9E3}.Release|Any CPU.Build.0 = Release|Any CPU
	EndGlobalSection
	GlobalSection(SolutionProperties) = preSolution
		HideSolutionNode = FALSE
	EndGlobalSection
	GlobalSection(NestedProjects) = preSolution
		{0382D8C3-435B-4D37-BA70-B4D95D4F7F9C} = {17BB7ED6-8570-4BDF-96C6-B1557476E834}
		{8849DA37-93FA-4209-B1AF-525A534C6106} = {17BB7ED6-8570-4BDF-96C6-B1557476E834}
		{4159D39E-F229-45A2-B84E-22863BA6B9E3} = {17BB7ED6-8570-4BDF-96C6-B1557476E834}
	EndGlobalSection
EndGlobal
