
Microsoft Visual Studio Solution File, Format Version 12.00
# Visual Studio 15
VisualStudioVersion = 15.0.26430.13
MinimumVisualStudioVersion = 10.0.40219.1
Project("{2150E333-8FDC-42A3-9474-1A3956D46DE8}") = "00-Infrastructure", "00-Infrastructure", "{17BB7ED6-8570-4BDF-96C6-B1557476E834}"
EndProject
Project("{FAE04EC0-301F-11D3-BF4B-00C04F79EFBC}") = "EasyCQRS", "Core\EasyCQRS\EasyCQRS.csproj", "{0382D8C3-435B-4D37-BA70-B4D95D4F7F9C}"
EndProject
Project("{9A19103F-16F7-4668-BE54-9A1E7A4F7556}") = "EasyCQRS.Tests", "Core\EasyCQRS.Tests\EasyCQRS.Tests.csproj", "{9256AAE0-641C-4F4C-9BD1-10EC4CC11893}"
EndProject
Project("{9A19103F-16F7-4668-BE54-9A1E7A4F7556}") = "EasyCQRS.Azure.Tests", "Modules\EasyCQRS.Azure.Tests\EasyCQRS.Azure.Tests.csproj", "{400CFE0F-F113-4FBD-B4A0-DF3D257A1B80}"
EndProject
Project("{2150E333-8FDC-42A3-9474-1A3956D46DE8}") = "Tests", "Tests", "{329DF44C-3D45-40A0-B57C-D56F54805BE2}"
EndProject
Project("{9A19103F-16F7-4668-BE54-9A1E7A4F7556}") = "EasyCQRS.Azure", "Modules\EasyCQRS.Azure\EasyCQRS.Azure.csproj", "{C9DE1AE0-BB4E-4AFC-9AA6-E21EAD43D019}"
EndProject
Project("{FAE04EC0-301F-11D3-BF4B-00C04F79EFBC}") = "EasyCQRS.Extensions.Primitives", "Modules\EasyCQRS.Extensions.Primitives\EasyCQRS.Extensions.Primitives.csproj", "{2BB5844E-4269-41F8-844D-20DF0E92262D}"
EndProject
Project("{FAE04EC0-301F-11D3-BF4B-00C04F79EFBC}") = "EasyCQRS.Extensions.HealthCheck", "Modules\EasyCQRS.Extensions.HealthCheck\EasyCQRS.Extensions.HealthCheck.csproj", "{6C8C4F47-EFB5-42EA-9B08-55CB33F96B76}"
EndProject
Project("{FAE04EC0-301F-11D3-BF4B-00C04F79EFBC}") = "EasyCQRS.Extensions.EntityFrameworkCore", "Modules\EasyCQRS.Extensions.EntityFrameworkCore\EasyCQRS.Extensions.EntityFrameworkCore.csproj", "{9124ECCC-2B4C-4635-97F2-89981DDB1672}"
EndProject
Global
	GlobalSection(SolutionConfigurationPlatforms) = preSolution
		Debug|Any CPU = Debug|Any CPU
		Release|Any CPU = Release|Any CPU
	EndGlobalSection
	GlobalSection(ProjectConfigurationPlatforms) = postSolution
		{0382D8C3-435B-4D37-BA70-B4D95D4F7F9C}.Debug|Any CPU.ActiveCfg = Debug|Any CPU
		{0382D8C3-435B-4D37-BA70-B4D95D4F7F9C}.Debug|Any CPU.Build.0 = Debug|Any CPU
		{0382D8C3-435B-4D37-BA70-B4D95D4F7F9C}.Release|Any CPU.ActiveCfg = Release|Any CPU
		{0382D8C3-435B-4D37-BA70-B4D95D4F7F9C}.Release|Any CPU.Build.0 = Release|Any CPU
		{9256AAE0-641C-4F4C-9BD1-10EC4CC11893}.Debug|Any CPU.ActiveCfg = Debug|Any CPU
		{9256AAE0-641C-4F4C-9BD1-10EC4CC11893}.Debug|Any CPU.Build.0 = Debug|Any CPU
		{9256AAE0-641C-4F4C-9BD1-10EC4CC11893}.Release|Any CPU.ActiveCfg = Release|Any CPU
		{9256AAE0-641C-4F4C-9BD1-10EC4CC11893}.Release|Any CPU.Build.0 = Release|Any CPU
		{400CFE0F-F113-4FBD-B4A0-DF3D257A1B80}.Debug|Any CPU.ActiveCfg = Debug|Any CPU
		{400CFE0F-F113-4FBD-B4A0-DF3D257A1B80}.Debug|Any CPU.Build.0 = Debug|Any CPU
		{400CFE0F-F113-4FBD-B4A0-DF3D257A1B80}.Release|Any CPU.ActiveCfg = Release|Any CPU
		{400CFE0F-F113-4FBD-B4A0-DF3D257A1B80}.Release|Any CPU.Build.0 = Release|Any CPU
		{C9DE1AE0-BB4E-4AFC-9AA6-E21EAD43D019}.Debug|Any CPU.ActiveCfg = Debug|Any CPU
		{C9DE1AE0-BB4E-4AFC-9AA6-E21EAD43D019}.Debug|Any CPU.Build.0 = Debug|Any CPU
		{C9DE1AE0-BB4E-4AFC-9AA6-E21EAD43D019}.Release|Any CPU.ActiveCfg = Release|Any CPU
		{C9DE1AE0-BB4E-4AFC-9AA6-E21EAD43D019}.Release|Any CPU.Build.0 = Release|Any CPU
		{2BB5844E-4269-41F8-844D-20DF0E92262D}.Debug|Any CPU.ActiveCfg = Debug|Any CPU
		{2BB5844E-4269-41F8-844D-20DF0E92262D}.Debug|Any CPU.Build.0 = Debug|Any CPU
		{2BB5844E-4269-41F8-844D-20DF0E92262D}.Release|Any CPU.ActiveCfg = Release|Any CPU
		{2BB5844E-4269-41F8-844D-20DF0E92262D}.Release|Any CPU.Build.0 = Release|Any CPU
		{6C8C4F47-EFB5-42EA-9B08-55CB33F96B76}.Debug|Any CPU.ActiveCfg = Debug|Any CPU
		{6C8C4F47-EFB5-42EA-9B08-55CB33F96B76}.Debug|Any CPU.Build.0 = Debug|Any CPU
		{6C8C4F47-EFB5-42EA-9B08-55CB33F96B76}.Release|Any CPU.ActiveCfg = Release|Any CPU
		{6C8C4F47-EFB5-42EA-9B08-55CB33F96B76}.Release|Any CPU.Build.0 = Release|Any CPU
		{9124ECCC-2B4C-4635-97F2-89981DDB1672}.Debug|Any CPU.ActiveCfg = Debug|Any CPU
		{9124ECCC-2B4C-4635-97F2-89981DDB1672}.Debug|Any CPU.Build.0 = Debug|Any CPU
		{9124ECCC-2B4C-4635-97F2-89981DDB1672}.Release|Any CPU.ActiveCfg = Release|Any CPU
		{9124ECCC-2B4C-4635-97F2-89981DDB1672}.Release|Any CPU.Build.0 = Release|Any CPU
	EndGlobalSection
	GlobalSection(SolutionProperties) = preSolution
		HideSolutionNode = FALSE
	EndGlobalSection
	GlobalSection(NestedProjects) = preSolution
		{0382D8C3-435B-4D37-BA70-B4D95D4F7F9C} = {17BB7ED6-8570-4BDF-96C6-B1557476E834}
		{9256AAE0-641C-4F4C-9BD1-10EC4CC11893} = {329DF44C-3D45-40A0-B57C-D56F54805BE2}
		{400CFE0F-F113-4FBD-B4A0-DF3D257A1B80} = {329DF44C-3D45-40A0-B57C-D56F54805BE2}
		{329DF44C-3D45-40A0-B57C-D56F54805BE2} = {17BB7ED6-8570-4BDF-96C6-B1557476E834}
		{C9DE1AE0-BB4E-4AFC-9AA6-E21EAD43D019} = {17BB7ED6-8570-4BDF-96C6-B1557476E834}
		{2BB5844E-4269-41F8-844D-20DF0E92262D} = {17BB7ED6-8570-4BDF-96C6-B1557476E834}
		{6C8C4F47-EFB5-42EA-9B08-55CB33F96B76} = {17BB7ED6-8570-4BDF-96C6-B1557476E834}
		{9124ECCC-2B4C-4635-97F2-89981DDB1672} = {17BB7ED6-8570-4BDF-96C6-B1557476E834}
	EndGlobalSection
EndGlobal
